// !$*UTF8*$!
{
	archiveVersion = 1;
	classes = {
	};
	objectVersion = 51;
	objects = {

/* Begin PBXBuildFile section */
		6303E49427337B8B0020974C /* CharactersViewController.swift in Sources */ = {isa = PBXBuildFile; fileRef = 6303E49227337B8B0020974C /* CharactersViewController.swift */; };
		6303E499273786DF0020974C /* EditCharacterViewController.swift in Sources */ = {isa = PBXBuildFile; fileRef = 6303E498273786DF0020974C /* EditCharacterViewController.swift */; };
		631DFFCB2638EB86007C8605 /* alarm.mp3 in Resources */ = {isa = PBXBuildFile; fileRef = 631DFFCA2638EB86007C8605 /* alarm.mp3 */; };
		6321283125D9F436001B48BF /* ChestsViewController.swift in Sources */ = {isa = PBXBuildFile; fileRef = 6321283025D9F436001B48BF /* ChestsViewController.swift */; };
		6326CD8225E41EF700D33888 /* TimerSettingsViewController.swift in Sources */ = {isa = PBXBuildFile; fileRef = 6326CD8125E41EF700D33888 /* TimerSettingsViewController.swift */; };
		6326CD8725E4225400D33888 /* ActualTimerViewController.swift in Sources */ = {isa = PBXBuildFile; fileRef = 6326CD8625E4225400D33888 /* ActualTimerViewController.swift */; };
		6326CD8B25E5F87E00D33888 /* AddGoalsViewController.swift in Sources */ = {isa = PBXBuildFile; fileRef = 6326CD8A25E5F87D00D33888 /* AddGoalsViewController.swift */; };
		6326CD8E25E5F89200D33888 /* Goal.xib in Resources */ = {isa = PBXBuildFile; fileRef = 6326CD8D25E5F89200D33888 /* Goal.xib */; };
		6326CD9125E5F89C00D33888 /* Goal.swift in Sources */ = {isa = PBXBuildFile; fileRef = 6326CD9025E5F89C00D33888 /* Goal.swift */; };
		632C2CBE26EE47FE0091BD2E /* NanoID.swift in Sources */ = {isa = PBXBuildFile; fileRef = 632C2CBD26EE47FE0091BD2E /* NanoID.swift */; };
		633950EA266ED15900FEF24C /* HelpViewController.swift in Sources */ = {isa = PBXBuildFile; fileRef = 633950E9266ED15900FEF24C /* HelpViewController.swift */; };
		6346940125CC5B4E00C4107A /* AppDelegate.swift in Sources */ = {isa = PBXBuildFile; fileRef = 6346940025CC5B4E00C4107A /* AppDelegate.swift */; };
		6346940325CC5B4E00C4107A /* SceneDelegate.swift in Sources */ = {isa = PBXBuildFile; fileRef = 6346940225CC5B4E00C4107A /* SceneDelegate.swift */; };
		6346940525CC5B4E00C4107A /* ViewController.swift in Sources */ = {isa = PBXBuildFile; fileRef = 6346940425CC5B4E00C4107A /* ViewController.swift */; };
		6346940825CC5B4E00C4107A /* Main.storyboard in Resources */ = {isa = PBXBuildFile; fileRef = 6346940625CC5B4E00C4107A /* Main.storyboard */; };
		6346940B25CC5B4E00C4107A /* Productivity_App.xcdatamodeld in Sources */ = {isa = PBXBuildFile; fileRef = 6346940925CC5B4E00C4107A /* Productivity_App.xcdatamodeld */; };
		6346940D25CC5B5100C4107A /* Assets.xcassets in Resources */ = {isa = PBXBuildFile; fileRef = 6346940C25CC5B5100C4107A /* Assets.xcassets */; };
		6346941025CC5B5100C4107A /* LaunchScreen.storyboard in Resources */ = {isa = PBXBuildFile; fileRef = 6346940E25CC5B5100C4107A /* LaunchScreen.storyboard */; };
		634B8ECB2672FB1000C95ACE /* LeaderboardsViewController.swift in Sources */ = {isa = PBXBuildFile; fileRef = 634B8ECA2672FB1000C95ACE /* LeaderboardsViewController.swift */; };
		634B8ECD2672FC7600C95ACE /* Leaderboard.swift in Sources */ = {isa = PBXBuildFile; fileRef = 634B8ECC2672FC7600C95ACE /* Leaderboard.swift */; };
		634B8ECF2672FC8200C95ACE /* Leaderboard.xib in Resources */ = {isa = PBXBuildFile; fileRef = 634B8ECE2672FC8200C95ACE /* Leaderboard.xib */; };
		6363F0B326E308E300703E33 /* CircularProgress.swift in Sources */ = {isa = PBXBuildFile; fileRef = 6363F0B226E308E300703E33 /* CircularProgress.swift */; };
		636B2B3425E0BF4900AEC336 /* TimerViewController.swift in Sources */ = {isa = PBXBuildFile; fileRef = 636B2B3325E0BF4900AEC336 /* TimerViewController.swift */; };
		636B2B3725E0BF5C00AEC336 /* GeneralTipsViewController.swift in Sources */ = {isa = PBXBuildFile; fileRef = 636B2B3625E0BF5C00AEC336 /* GeneralTipsViewController.swift */; };
		6377CE3926E921B100C50B71 /* TabCollectionViewCell.swift in Sources */ = {isa = PBXBuildFile; fileRef = 6377CE3826E921B100C50B71 /* TabCollectionViewCell.swift */; };
		6388789E2659DA89005D1F46 /* ProfileViewController.swift in Sources */ = {isa = PBXBuildFile; fileRef = 6388789D2659DA89005D1F46 /* ProfileViewController.swift */; };
		638F3DED268D1AF400637CD0 /* OpenChestViewController.swift in Sources */ = {isa = PBXBuildFile; fileRef = 638F3DEC268D1AF400637CD0 /* OpenChestViewController.swift */; };
		6394AF5A25D752C000975194 /* ShopViewController.swift in Sources */ = {isa = PBXBuildFile; fileRef = 6394AF5925D752BF00975194 /* ShopViewController.swift */; };
		6396BDFA26D84930002526EE /* DesignableUITextField.swift in Sources */ = {isa = PBXBuildFile; fileRef = 6396BDF926D84930002526EE /* DesignableUITextField.swift */; };
		63A6EB9226D988CB00AAD90B /* ForgotPasswordViewController.swift in Sources */ = {isa = PBXBuildFile; fileRef = 63A6EB9126D988CB00AAD90B /* ForgotPasswordViewController.swift */; };
		63B678A625CE386400721571 /* SettingsTableViewController.swift in Sources */ = {isa = PBXBuildFile; fileRef = 63B678A525CE386400721571 /* SettingsTableViewController.swift */; };
		63B678A925CE389100721571 /* LogInViewController.swift in Sources */ = {isa = PBXBuildFile; fileRef = 63B678A825CE389100721571 /* LogInViewController.swift */; };
		63B678AC25CE38A000721571 /* SignUpViewController.swift in Sources */ = {isa = PBXBuildFile; fileRef = 63B678AB25CE38A000721571 /* SignUpViewController.swift */; };
		63B678B225CE38CD00721571 /* HomeViewController.swift in Sources */ = {isa = PBXBuildFile; fileRef = 63B678B125CE38CD00721571 /* HomeViewController.swift */; };
		63B678B525CE38D800721571 /* TipsViewController.swift in Sources */ = {isa = PBXBuildFile; fileRef = 63B678B425CE38D800721571 /* TipsViewController.swift */; };
		63B678B825CE38E500721571 /* GoalsViewController.swift in Sources */ = {isa = PBXBuildFile; fileRef = 63B678B725CE38E500721571 /* GoalsViewController.swift */; };
		63B678BB25CE38F100721571 /* RewardsViewController.swift in Sources */ = {isa = PBXBuildFile; fileRef = 63B678BA25CE38F100721571 /* RewardsViewController.swift */; };
		63B678FC25CE463200721571 /* GoogleService-Info.plist in Resources */ = {isa = PBXBuildFile; fileRef = 63B678FB25CE463200721571 /* GoogleService-Info.plist */; };
		63B8EA6F25E027CB00943325 /* CalendarViewController.swift in Sources */ = {isa = PBXBuildFile; fileRef = 63B8EA6E25E027CB00943325 /* CalendarViewController.swift */; };
		63EBFB9726A35E3500C1D366 /* AttributesViewController.swift in Sources */ = {isa = PBXBuildFile; fileRef = 63EBFB9626A35E3500C1D366 /* AttributesViewController.swift */; };
		63F0178226EA641F00E54B90 /* TabCollectionViewCell.xib in Resources */ = {isa = PBXBuildFile; fileRef = 63F0178126EA641F00E54B90 /* TabCollectionViewCell.xib */; };
		63F0178426EC2CA900E54B90 /* MyDatePicker.swift in Sources */ = {isa = PBXBuildFile; fileRef = 63F0178326EC2CA900E54B90 /* MyDatePicker.swift */; };
		63F0178626EC3C8100E54B90 /* ViewWithDiagonalLine.swift in Sources */ = {isa = PBXBuildFile; fileRef = 63F0178526EC3C8100E54B90 /* ViewWithDiagonalLine.swift */; };
		B5DEEC04EF7888D6E0CD4746 /* Pods_Productivity_App.framework in Frameworks */ = {isa = PBXBuildFile; fileRef = 336671FB57EADD070BC14DBF /* Pods_Productivity_App.framework */; };
/* End PBXBuildFile section */

/* Begin PBXFileReference section */
		336671FB57EADD070BC14DBF /* Pods_Productivity_App.framework */ = {isa = PBXFileReference; explicitFileType = wrapper.framework; includeInIndex = 0; path = Pods_Productivity_App.framework; sourceTree = BUILT_PRODUCTS_DIR; };
		6303E49227337B8B0020974C /* CharactersViewController.swift */ = {isa = PBXFileReference; lastKnownFileType = sourcecode.swift; path = CharactersViewController.swift; sourceTree = "<group>"; };
		6303E498273786DF0020974C /* EditCharacterViewController.swift */ = {isa = PBXFileReference; lastKnownFileType = sourcecode.swift; path = EditCharacterViewController.swift; sourceTree = "<group>"; };
		631DFFCA2638EB86007C8605 /* alarm.mp3 */ = {isa = PBXFileReference; lastKnownFileType = audio.mp3; path = alarm.mp3; sourceTree = "<group>"; };
		6321283025D9F436001B48BF /* ChestsViewController.swift */ = {isa = PBXFileReference; lastKnownFileType = sourcecode.swift; path = ChestsViewController.swift; sourceTree = "<group>"; };
		6326CD8125E41EF700D33888 /* TimerSettingsViewController.swift */ = {isa = PBXFileReference; lastKnownFileType = sourcecode.swift; path = TimerSettingsViewController.swift; sourceTree = "<group>"; };
		6326CD8625E4225400D33888 /* ActualTimerViewController.swift */ = {isa = PBXFileReference; lastKnownFileType = sourcecode.swift; path = ActualTimerViewController.swift; sourceTree = "<group>"; };
		6326CD8A25E5F87D00D33888 /* AddGoalsViewController.swift */ = {isa = PBXFileReference; lastKnownFileType = sourcecode.swift; path = AddGoalsViewController.swift; sourceTree = "<group>"; };
		6326CD8D25E5F89200D33888 /* Goal.xib */ = {isa = PBXFileReference; lastKnownFileType = file.xib; path = Goal.xib; sourceTree = "<group>"; };
		6326CD9025E5F89C00D33888 /* Goal.swift */ = {isa = PBXFileReference; lastKnownFileType = sourcecode.swift; path = Goal.swift; sourceTree = "<group>"; };
		632C2CBD26EE47FE0091BD2E /* NanoID.swift */ = {isa = PBXFileReference; lastKnownFileType = sourcecode.swift; path = NanoID.swift; sourceTree = "<group>"; };
		633950E9266ED15900FEF24C /* HelpViewController.swift */ = {isa = PBXFileReference; lastKnownFileType = sourcecode.swift; path = HelpViewController.swift; sourceTree = "<group>"; };
		634693FD25CC5B4E00C4107A /* Productivity App.app */ = {isa = PBXFileReference; explicitFileType = wrapper.application; includeInIndex = 0; path = "Productivity App.app"; sourceTree = BUILT_PRODUCTS_DIR; };
		6346940025CC5B4E00C4107A /* AppDelegate.swift */ = {isa = PBXFileReference; lastKnownFileType = sourcecode.swift; path = AppDelegate.swift; sourceTree = "<group>"; };
		6346940225CC5B4E00C4107A /* SceneDelegate.swift */ = {isa = PBXFileReference; lastKnownFileType = sourcecode.swift; path = SceneDelegate.swift; sourceTree = "<group>"; };
		6346940425CC5B4E00C4107A /* ViewController.swift */ = {isa = PBXFileReference; lastKnownFileType = sourcecode.swift; path = ViewController.swift; sourceTree = "<group>"; };
		6346940725CC5B4E00C4107A /* Base */ = {isa = PBXFileReference; lastKnownFileType = file.storyboard; name = Base; path = Base.lproj/Main.storyboard; sourceTree = "<group>"; };
		6346940A25CC5B4E00C4107A /* Productivity_App.xcdatamodel */ = {isa = PBXFileReference; lastKnownFileType = wrapper.xcdatamodel; path = Productivity_App.xcdatamodel; sourceTree = "<group>"; };
		6346940C25CC5B5100C4107A /* Assets.xcassets */ = {isa = PBXFileReference; lastKnownFileType = folder.assetcatalog; path = Assets.xcassets; sourceTree = "<group>"; };
		6346940F25CC5B5100C4107A /* Base */ = {isa = PBXFileReference; lastKnownFileType = file.storyboard; name = Base; path = Base.lproj/LaunchScreen.storyboard; sourceTree = "<group>"; };
		6346941125CC5B5100C4107A /* Info.plist */ = {isa = PBXFileReference; lastKnownFileType = text.plist.xml; path = Info.plist; sourceTree = "<group>"; };
		634B8ECA2672FB1000C95ACE /* LeaderboardsViewController.swift */ = {isa = PBXFileReference; lastKnownFileType = sourcecode.swift; path = LeaderboardsViewController.swift; sourceTree = "<group>"; };
		634B8ECC2672FC7600C95ACE /* Leaderboard.swift */ = {isa = PBXFileReference; lastKnownFileType = sourcecode.swift; path = Leaderboard.swift; sourceTree = "<group>"; };
		634B8ECE2672FC8200C95ACE /* Leaderboard.xib */ = {isa = PBXFileReference; lastKnownFileType = file.xib; path = Leaderboard.xib; sourceTree = "<group>"; };
		6363F0B226E308E300703E33 /* CircularProgress.swift */ = {isa = PBXFileReference; lastKnownFileType = sourcecode.swift; path = CircularProgress.swift; sourceTree = "<group>"; };
		636B2B3325E0BF4900AEC336 /* TimerViewController.swift */ = {isa = PBXFileReference; lastKnownFileType = sourcecode.swift; path = TimerViewController.swift; sourceTree = "<group>"; };
		636B2B3625E0BF5C00AEC336 /* GeneralTipsViewController.swift */ = {isa = PBXFileReference; lastKnownFileType = sourcecode.swift; path = GeneralTipsViewController.swift; sourceTree = "<group>"; };
		637652062752D435003473B9 /* Productivity App.entitlements */ = {isa = PBXFileReference; lastKnownFileType = text.plist.entitlements; path = "Productivity App.entitlements"; sourceTree = "<group>"; };
		6377CE3826E921B100C50B71 /* TabCollectionViewCell.swift */ = {isa = PBXFileReference; lastKnownFileType = sourcecode.swift; path = TabCollectionViewCell.swift; sourceTree = "<group>"; };
		6388789D2659DA89005D1F46 /* ProfileViewController.swift */ = {isa = PBXFileReference; lastKnownFileType = sourcecode.swift; path = ProfileViewController.swift; sourceTree = "<group>"; };
		638F3DEC268D1AF400637CD0 /* OpenChestViewController.swift */ = {isa = PBXFileReference; lastKnownFileType = sourcecode.swift; path = OpenChestViewController.swift; sourceTree = "<group>"; };
		6394AF5925D752BF00975194 /* ShopViewController.swift */ = {isa = PBXFileReference; lastKnownFileType = sourcecode.swift; path = ShopViewController.swift; sourceTree = "<group>"; };
		6396BDF926D84930002526EE /* DesignableUITextField.swift */ = {isa = PBXFileReference; lastKnownFileType = sourcecode.swift; path = DesignableUITextField.swift; sourceTree = "<group>"; };
		63A6EB9126D988CB00AAD90B /* ForgotPasswordViewController.swift */ = {isa = PBXFileReference; lastKnownFileType = sourcecode.swift; path = ForgotPasswordViewController.swift; sourceTree = "<group>"; };
		63B678A525CE386400721571 /* SettingsTableViewController.swift */ = {isa = PBXFileReference; lastKnownFileType = sourcecode.swift; path = SettingsTableViewController.swift; sourceTree = "<group>"; };
		63B678A825CE389100721571 /* LogInViewController.swift */ = {isa = PBXFileReference; lastKnownFileType = sourcecode.swift; path = LogInViewController.swift; sourceTree = "<group>"; };
		63B678AB25CE38A000721571 /* SignUpViewController.swift */ = {isa = PBXFileReference; lastKnownFileType = sourcecode.swift; path = SignUpViewController.swift; sourceTree = "<group>"; };
		63B678B125CE38CD00721571 /* HomeViewController.swift */ = {isa = PBXFileReference; lastKnownFileType = sourcecode.swift; path = HomeViewController.swift; sourceTree = "<group>"; };
		63B678B425CE38D800721571 /* TipsViewController.swift */ = {isa = PBXFileReference; lastKnownFileType = sourcecode.swift; path = TipsViewController.swift; sourceTree = "<group>"; };
		63B678B725CE38E500721571 /* GoalsViewController.swift */ = {isa = PBXFileReference; lastKnownFileType = sourcecode.swift; path = GoalsViewController.swift; sourceTree = "<group>"; };
		63B678BA25CE38F100721571 /* RewardsViewController.swift */ = {isa = PBXFileReference; lastKnownFileType = sourcecode.swift; path = RewardsViewController.swift; sourceTree = "<group>"; };
		63B678FB25CE463200721571 /* GoogleService-Info.plist */ = {isa = PBXFileReference; lastKnownFileType = text.plist; path = "GoogleService-Info.plist"; sourceTree = SOURCE_ROOT; };
		63B8EA6E25E027CB00943325 /* CalendarViewController.swift */ = {isa = PBXFileReference; lastKnownFileType = sourcecode.swift; path = CalendarViewController.swift; sourceTree = "<group>"; };
		63EBFB9626A35E3500C1D366 /* AttributesViewController.swift */ = {isa = PBXFileReference; lastKnownFileType = sourcecode.swift; path = AttributesViewController.swift; sourceTree = "<group>"; };
		63F0178126EA641F00E54B90 /* TabCollectionViewCell.xib */ = {isa = PBXFileReference; lastKnownFileType = file.xib; path = TabCollectionViewCell.xib; sourceTree = "<group>"; };
		63F0178326EC2CA900E54B90 /* MyDatePicker.swift */ = {isa = PBXFileReference; lastKnownFileType = sourcecode.swift; path = MyDatePicker.swift; sourceTree = "<group>"; };
		63F0178526EC3C8100E54B90 /* ViewWithDiagonalLine.swift */ = {isa = PBXFileReference; lastKnownFileType = sourcecode.swift; path = ViewWithDiagonalLine.swift; sourceTree = "<group>"; };
		A5226A99B52EFF4F710445D7 /* Pods-Productivity App.release.xcconfig */ = {isa = PBXFileReference; includeInIndex = 1; lastKnownFileType = text.xcconfig; name = "Pods-Productivity App.release.xcconfig"; path = "Target Support Files/Pods-Productivity App/Pods-Productivity App.release.xcconfig"; sourceTree = "<group>"; };
		B90845548E25074F4F1E8DC4 /* Pods-Productivity App.debug.xcconfig */ = {isa = PBXFileReference; includeInIndex = 1; lastKnownFileType = text.xcconfig; name = "Pods-Productivity App.debug.xcconfig"; path = "Target Support Files/Pods-Productivity App/Pods-Productivity App.debug.xcconfig"; sourceTree = "<group>"; };
/* End PBXFileReference section */

/* Begin PBXFrameworksBuildPhase section */
		634693FA25CC5B4E00C4107A /* Frameworks */ = {
			isa = PBXFrameworksBuildPhase;
			buildActionMask = 2147483647;
			files = (
				B5DEEC04EF7888D6E0CD4746 /* Pods_Productivity_App.framework in Frameworks */,
			);
			runOnlyForDeploymentPostprocessing = 0;
		};
/* End PBXFrameworksBuildPhase section */

/* Begin PBXGroup section */
		6326CD8425E41F1100D33888 /* Timer */ = {
			isa = PBXGroup;
			children = (
				636B2B3325E0BF4900AEC336 /* TimerViewController.swift */,
				6326CD8125E41EF700D33888 /* TimerSettingsViewController.swift */,
				6326CD8625E4225400D33888 /* ActualTimerViewController.swift */,
			);
			path = Timer;
			sourceTree = "<group>";
		};
		634693F425CC5B4E00C4107A = {
			isa = PBXGroup;
			children = (
				634693FF25CC5B4E00C4107A /* Productivity App */,
				634693FE25CC5B4E00C4107A /* Products */,
				ED931C57789A28C0D8FFDDF4 /* Pods */,
				A232AD9FF3F1DD6B42E6F192 /* Frameworks */,
			);
			sourceTree = "<group>";
		};
		634693FE25CC5B4E00C4107A /* Products */ = {
			isa = PBXGroup;
			children = (
				634693FD25CC5B4E00C4107A /* Productivity App.app */,
			);
			name = Products;
			sourceTree = "<group>";
		};
		634693FF25CC5B4E00C4107A /* Productivity App */ = {
			isa = PBXGroup;
			children = (
				637652062752D435003473B9 /* Productivity App.entitlements */,
				631DFFCA2638EB86007C8605 /* alarm.mp3 */,
				6346940025CC5B4E00C4107A /* AppDelegate.swift */,
				6346940225CC5B4E00C4107A /* SceneDelegate.swift */,
				6346940425CC5B4E00C4107A /* ViewController.swift */,
				63B678A525CE386400721571 /* SettingsTableViewController.swift */,
				63EBFB9626A35E3500C1D366 /* AttributesViewController.swift */,
				63B678A825CE389100721571 /* LogInViewController.swift */,
				63B678AB25CE38A000721571 /* SignUpViewController.swift */,
				63A6EB9126D988CB00AAD90B /* ForgotPasswordViewController.swift */,
				6388789D2659DA89005D1F46 /* ProfileViewController.swift */,
				633950E9266ED15900FEF24C /* HelpViewController.swift */,
				634B8ECA2672FB1000C95ACE /* LeaderboardsViewController.swift */,
				634B8ECC2672FC7600C95ACE /* Leaderboard.swift */,
				634B8ECE2672FC8200C95ACE /* Leaderboard.xib */,
				63F0178726EC3C9600E54B90 /* Custom UI Elements */,
				636B2B2A25E0BE9600AEC336 /* Home tab */,
				636B2B8E25E0C57300AEC336 /* Guides tab */,
				636B2B8F25E0C5E700AEC336 /* Goals tab */,
				636B2B2B25E0BEC800AEC336 /* Rewards tab */,
				6346940625CC5B4E00C4107A /* Main.storyboard */,
				6346940C25CC5B5100C4107A /* Assets.xcassets */,
				6346940E25CC5B5100C4107A /* LaunchScreen.storyboard */,
				6346941125CC5B5100C4107A /* Info.plist */,
				63B678FB25CE463200721571 /* GoogleService-Info.plist */,
				6346940925CC5B4E00C4107A /* Productivity_App.xcdatamodeld */,
			);
			path = "Productivity App";
			sourceTree = "<group>";
		};
		636B2B2A25E0BE9600AEC336 /* Home tab */ = {
			isa = PBXGroup;
			children = (
				63B678B125CE38CD00721571 /* HomeViewController.swift */,
				63B8EA6E25E027CB00943325 /* CalendarViewController.swift */,
			);
			path = "Home tab";
			sourceTree = "<group>";
		};
		636B2B2B25E0BEC800AEC336 /* Rewards tab */ = {
			isa = PBXGroup;
			children = (
				63B678BA25CE38F100721571 /* RewardsViewController.swift */,
				6303E498273786DF0020974C /* EditCharacterViewController.swift */,
				6394AF5925D752BF00975194 /* ShopViewController.swift */,
				6321283025D9F436001B48BF /* ChestsViewController.swift */,
				638F3DEC268D1AF400637CD0 /* OpenChestViewController.swift */,
				6303E49227337B8B0020974C /* CharactersViewController.swift */,
			);
			path = "Rewards tab";
			sourceTree = "<group>";
		};
		636B2B3925E0C2ED00AEC336 /* Productivity */ = {
			isa = PBXGroup;
			children = (
				6326CD8425E41F1100D33888 /* Timer */,
				636B2B3625E0BF5C00AEC336 /* GeneralTipsViewController.swift */,
				63B678B425CE38D800721571 /* TipsViewController.swift */,
			);
			path = Productivity;
			sourceTree = "<group>";
		};
		636B2B8E25E0C57300AEC336 /* Guides tab */ = {
			isa = PBXGroup;
			children = (
				636B2B3925E0C2ED00AEC336 /* Productivity */,
			);
			path = "Guides tab";
			sourceTree = "<group>";
		};
		636B2B8F25E0C5E700AEC336 /* Goals tab */ = {
			isa = PBXGroup;
			children = (
				63B678B725CE38E500721571 /* GoalsViewController.swift */,
				6326CD8A25E5F87D00D33888 /* AddGoalsViewController.swift */,
				6326CD8D25E5F89200D33888 /* Goal.xib */,
				6326CD9025E5F89C00D33888 /* Goal.swift */,
				6377CE3826E921B100C50B71 /* TabCollectionViewCell.swift */,
				63F0178126EA641F00E54B90 /* TabCollectionViewCell.xib */,
			);
			path = "Goals tab";
			sourceTree = "<group>";
		};
		63F0178726EC3C9600E54B90 /* Custom UI Elements */ = {
			isa = PBXGroup;
			children = (
				6396BDF926D84930002526EE /* DesignableUITextField.swift */,
				6363F0B226E308E300703E33 /* CircularProgress.swift */,
				63F0178326EC2CA900E54B90 /* MyDatePicker.swift */,
				63F0178526EC3C8100E54B90 /* ViewWithDiagonalLine.swift */,
				632C2CBD26EE47FE0091BD2E /* NanoID.swift */,
			);
			path = "Custom UI Elements";
			sourceTree = "<group>";
		};
		A232AD9FF3F1DD6B42E6F192 /* Frameworks */ = {
			isa = PBXGroup;
			children = (
				336671FB57EADD070BC14DBF /* Pods_Productivity_App.framework */,
			);
			name = Frameworks;
			sourceTree = "<group>";
		};
		ED931C57789A28C0D8FFDDF4 /* Pods */ = {
			isa = PBXGroup;
			children = (
				B90845548E25074F4F1E8DC4 /* Pods-Productivity App.debug.xcconfig */,
				A5226A99B52EFF4F710445D7 /* Pods-Productivity App.release.xcconfig */,
			);
			path = Pods;
			sourceTree = "<group>";
		};
/* End PBXGroup section */

/* Begin PBXNativeTarget section */
		634693FC25CC5B4E00C4107A /* Productivity App */ = {
			isa = PBXNativeTarget;
			buildConfigurationList = 6346941425CC5B5100C4107A /* Build configuration list for PBXNativeTarget "Productivity App" */;
			buildPhases = (
				143AF1B674A68CA5CE58EF61 /* [CP] Check Pods Manifest.lock */,
				634693F925CC5B4E00C4107A /* Sources */,
				634693FA25CC5B4E00C4107A /* Frameworks */,
				634693FB25CC5B4E00C4107A /* Resources */,
				7D37D11A2781A991EA4AFF68 /* [CP] Embed Pods Frameworks */,
				85725CF992D4FB41F406BD12 /* [CP] Copy Pods Resources */,
			);
			buildRules = (
			);
			dependencies = (
			);
			name = "Productivity App";
			productName = "Productivity App";
			productReference = 634693FD25CC5B4E00C4107A /* Productivity App.app */;
			productType = "com.apple.product-type.application";
		};
/* End PBXNativeTarget section */

/* Begin PBXProject section */
		634693F525CC5B4E00C4107A /* Project object */ = {
			isa = PBXProject;
			attributes = {
				LastSwiftUpdateCheck = 1240;
				LastUpgradeCheck = 1240;
				TargetAttributes = {
					634693FC25CC5B4E00C4107A = {
						CreatedOnToolsVersion = 12.4;
					};
				};
			};
			buildConfigurationList = 634693F825CC5B4E00C4107A /* Build configuration list for PBXProject "Productivity App" */;
			compatibilityVersion = "Xcode 9.3";
			developmentRegion = en;
			hasScannedForEncodings = 0;
			knownRegions = (
				en,
				Base,
			);
			mainGroup = 634693F425CC5B4E00C4107A;
			productRefGroup = 634693FE25CC5B4E00C4107A /* Products */;
			projectDirPath = "";
			projectRoot = "";
			targets = (
				634693FC25CC5B4E00C4107A /* Productivity App */,
			);
		};
/* End PBXProject section */

/* Begin PBXResourcesBuildPhase section */
		634693FB25CC5B4E00C4107A /* Resources */ = {
			isa = PBXResourcesBuildPhase;
			buildActionMask = 2147483647;
			files = (
				63F0178226EA641F00E54B90 /* TabCollectionViewCell.xib in Resources */,
				6346941025CC5B5100C4107A /* LaunchScreen.storyboard in Resources */,
				6326CD8E25E5F89200D33888 /* Goal.xib in Resources */,
				631DFFCB2638EB86007C8605 /* alarm.mp3 in Resources */,
				63B678FC25CE463200721571 /* GoogleService-Info.plist in Resources */,
				6346940D25CC5B5100C4107A /* Assets.xcassets in Resources */,
				6346940825CC5B4E00C4107A /* Main.storyboard in Resources */,
				634B8ECF2672FC8200C95ACE /* Leaderboard.xib in Resources */,
			);
			runOnlyForDeploymentPostprocessing = 0;
		};
/* End PBXResourcesBuildPhase section */

/* Begin PBXShellScriptBuildPhase section */
		143AF1B674A68CA5CE58EF61 /* [CP] Check Pods Manifest.lock */ = {
			isa = PBXShellScriptBuildPhase;
			buildActionMask = 2147483647;
			files = (
			);
			inputFileListPaths = (
			);
			inputPaths = (
				"${PODS_PODFILE_DIR_PATH}/Podfile.lock",
				"${PODS_ROOT}/Manifest.lock",
			);
			name = "[CP] Check Pods Manifest.lock";
			outputFileListPaths = (
			);
			outputPaths = (
				"$(DERIVED_FILE_DIR)/Pods-Productivity App-checkManifestLockResult.txt",
			);
			runOnlyForDeploymentPostprocessing = 0;
			shellPath = /bin/sh;
			shellScript = "diff \"${PODS_PODFILE_DIR_PATH}/Podfile.lock\" \"${PODS_ROOT}/Manifest.lock\" > /dev/null\nif [ $? != 0 ] ; then\n    # print error to STDERR\n    echo \"error: The sandbox is not in sync with the Podfile.lock. Run 'pod install' or update your CocoaPods installation.\" >&2\n    exit 1\nfi\n# This output is used by Xcode 'outputs' to avoid re-running this script phase.\necho \"SUCCESS\" > \"${SCRIPT_OUTPUT_FILE_0}\"\n";
			showEnvVarsInLog = 0;
		};
		7D37D11A2781A991EA4AFF68 /* [CP] Embed Pods Frameworks */ = {
			isa = PBXShellScriptBuildPhase;
			buildActionMask = 2147483647;
			files = (
			);
			inputFileListPaths = (
				"${PODS_ROOT}/Target Support Files/Pods-Productivity App/Pods-Productivity App-frameworks-${CONFIGURATION}-input-files.xcfilelist",
			);
			name = "[CP] Embed Pods Frameworks";
			outputFileListPaths = (
				"${PODS_ROOT}/Target Support Files/Pods-Productivity App/Pods-Productivity App-frameworks-${CONFIGURATION}-output-files.xcfilelist",
			);
			runOnlyForDeploymentPostprocessing = 0;
			shellPath = /bin/sh;
			shellScript = "\"${PODS_ROOT}/Target Support Files/Pods-Productivity App/Pods-Productivity App-frameworks.sh\"\n";
			showEnvVarsInLog = 0;
		};
		85725CF992D4FB41F406BD12 /* [CP] Copy Pods Resources */ = {
			isa = PBXShellScriptBuildPhase;
			buildActionMask = 2147483647;
			files = (
			);
			inputFileListPaths = (
				"${PODS_ROOT}/Target Support Files/Pods-Productivity App/Pods-Productivity App-resources-${CONFIGURATION}-input-files.xcfilelist",
			);
			name = "[CP] Copy Pods Resources";
			outputFileListPaths = (
				"${PODS_ROOT}/Target Support Files/Pods-Productivity App/Pods-Productivity App-resources-${CONFIGURATION}-output-files.xcfilelist",
			);
			runOnlyForDeploymentPostprocessing = 0;
			shellPath = /bin/sh;
			shellScript = "\"${PODS_ROOT}/Target Support Files/Pods-Productivity App/Pods-Productivity App-resources.sh\"\n";
			showEnvVarsInLog = 0;
		};
/* End PBXShellScriptBuildPhase section */

/* Begin PBXSourcesBuildPhase section */
		634693F925CC5B4E00C4107A /* Sources */ = {
			isa = PBXSourcesBuildPhase;
			buildActionMask = 2147483647;
			files = (
				6326CD8225E41EF700D33888 /* TimerSettingsViewController.swift in Sources */,
				636B2B3725E0BF5C00AEC336 /* GeneralTipsViewController.swift in Sources */,
				63EBFB9726A35E3500C1D366 /* AttributesViewController.swift in Sources */,
				6346940525CC5B4E00C4107A /* ViewController.swift in Sources */,
				63B678AC25CE38A000721571 /* SignUpViewController.swift in Sources */,
				63B678A625CE386400721571 /* SettingsTableViewController.swift in Sources */,
				6388789E2659DA89005D1F46 /* ProfileViewController.swift in Sources */,
				63F0178426EC2CA900E54B90 /* MyDatePicker.swift in Sources */,
				632C2CBE26EE47FE0091BD2E /* NanoID.swift in Sources */,
				634B8ECD2672FC7600C95ACE /* Leaderboard.swift in Sources */,
				63B8EA6F25E027CB00943325 /* CalendarViewController.swift in Sources */,
				634B8ECB2672FB1000C95ACE /* LeaderboardsViewController.swift in Sources */,
				6303E49427337B8B0020974C /* CharactersViewController.swift in Sources */,
				63B678A925CE389100721571 /* LogInViewController.swift in Sources */,
				63B678B225CE38CD00721571 /* HomeViewController.swift in Sources */,
				63F0178626EC3C8100E54B90 /* ViewWithDiagonalLine.swift in Sources */,
				636B2B3425E0BF4900AEC336 /* TimerViewController.swift in Sources */,
				63B678B525CE38D800721571 /* TipsViewController.swift in Sources */,
				6326CD8725E4225400D33888 /* ActualTimerViewController.swift in Sources */,
				638F3DED268D1AF400637CD0 /* OpenChestViewController.swift in Sources */,
				633950EA266ED15900FEF24C /* HelpViewController.swift in Sources */,
				6346940125CC5B4E00C4107A /* AppDelegate.swift in Sources */,
				6346940325CC5B4E00C4107A /* SceneDelegate.swift in Sources */,
				6377CE3926E921B100C50B71 /* TabCollectionViewCell.swift in Sources */,
				63B678BB25CE38F100721571 /* RewardsViewController.swift in Sources */,
				6396BDFA26D84930002526EE /* DesignableUITextField.swift in Sources */,
				6326CD8B25E5F87E00D33888 /* AddGoalsViewController.swift in Sources */,
				63A6EB9226D988CB00AAD90B /* ForgotPasswordViewController.swift in Sources */,
				6363F0B326E308E300703E33 /* CircularProgress.swift in Sources */,
				6326CD9125E5F89C00D33888 /* Goal.swift in Sources */,
				63B678B825CE38E500721571 /* GoalsViewController.swift in Sources */,
				6394AF5A25D752C000975194 /* ShopViewController.swift in Sources */,
				6303E499273786DF0020974C /* EditCharacterViewController.swift in Sources */,
				6321283125D9F436001B48BF /* ChestsViewController.swift in Sources */,
				6346940B25CC5B4E00C4107A /* Productivity_App.xcdatamodeld in Sources */,
			);
			runOnlyForDeploymentPostprocessing = 0;
		};
/* End PBXSourcesBuildPhase section */

/* Begin PBXVariantGroup section */
		6346940625CC5B4E00C4107A /* Main.storyboard */ = {
			isa = PBXVariantGroup;
			children = (
				6346940725CC5B4E00C4107A /* Base */,
			);
			name = Main.storyboard;
			sourceTree = "<group>";
		};
		6346940E25CC5B5100C4107A /* LaunchScreen.storyboard */ = {
			isa = PBXVariantGroup;
			children = (
				6346940F25CC5B5100C4107A /* Base */,
			);
			name = LaunchScreen.storyboard;
			sourceTree = "<group>";
		};
/* End PBXVariantGroup section */

/* Begin XCBuildConfiguration section */
		6346941225CC5B5100C4107A /* Debug */ = {
			isa = XCBuildConfiguration;
			buildSettings = {
				ALWAYS_SEARCH_USER_PATHS = NO;
				CLANG_ANALYZER_NONNULL = YES;
				CLANG_ANALYZER_NUMBER_OBJECT_CONVERSION = YES_AGGRESSIVE;
				CLANG_CXX_LANGUAGE_STANDARD = "gnu++14";
				CLANG_CXX_LIBRARY = "libc++";
				CLANG_ENABLE_MODULES = YES;
				CLANG_ENABLE_OBJC_ARC = YES;
				CLANG_ENABLE_OBJC_WEAK = YES;
				CLANG_WARN_BLOCK_CAPTURE_AUTORELEASING = YES;
				CLANG_WARN_BOOL_CONVERSION = YES;
				CLANG_WARN_COMMA = YES;
				CLANG_WARN_CONSTANT_CONVERSION = YES;
				CLANG_WARN_DEPRECATED_OBJC_IMPLEMENTATIONS = YES;
				CLANG_WARN_DIRECT_OBJC_ISA_USAGE = YES_ERROR;
				CLANG_WARN_DOCUMENTATION_COMMENTS = YES;
				CLANG_WARN_EMPTY_BODY = YES;
				CLANG_WARN_ENUM_CONVERSION = YES;
				CLANG_WARN_INFINITE_RECURSION = YES;
				CLANG_WARN_INT_CONVERSION = YES;
				CLANG_WARN_NON_LITERAL_NULL_CONVERSION = YES;
				CLANG_WARN_OBJC_IMPLICIT_RETAIN_SELF = YES;
				CLANG_WARN_OBJC_LITERAL_CONVERSION = YES;
				CLANG_WARN_OBJC_ROOT_CLASS = YES_ERROR;
				CLANG_WARN_QUOTED_INCLUDE_IN_FRAMEWORK_HEADER = YES;
				CLANG_WARN_RANGE_LOOP_ANALYSIS = YES;
				CLANG_WARN_STRICT_PROTOTYPES = YES;
				CLANG_WARN_SUSPICIOUS_MOVE = YES;
				CLANG_WARN_UNGUARDED_AVAILABILITY = YES_AGGRESSIVE;
				CLANG_WARN_UNREACHABLE_CODE = YES;
				CLANG_WARN__DUPLICATE_METHOD_MATCH = YES;
				COPY_PHASE_STRIP = NO;
				DEBUG_INFORMATION_FORMAT = dwarf;
				ENABLE_STRICT_OBJC_MSGSEND = YES;
				ENABLE_TESTABILITY = YES;
				GCC_C_LANGUAGE_STANDARD = gnu11;
				GCC_DYNAMIC_NO_PIC = NO;
				GCC_NO_COMMON_BLOCKS = NO;
				GCC_OPTIMIZATION_LEVEL = 0;
				GCC_PREPROCESSOR_DEFINITIONS = (
					"DEBUG=1",
					"$(inherited)",
				);
				GCC_WARN_64_TO_32_BIT_CONVERSION = YES;
				GCC_WARN_ABOUT_RETURN_TYPE = YES_ERROR;
				GCC_WARN_UNDECLARED_SELECTOR = YES;
				GCC_WARN_UNINITIALIZED_AUTOS = YES_AGGRESSIVE;
				GCC_WARN_UNUSED_FUNCTION = YES;
				GCC_WARN_UNUSED_VARIABLE = YES;
				IPHONEOS_DEPLOYMENT_TARGET = 14.4;
				MTL_ENABLE_DEBUG_INFO = INCLUDE_SOURCE;
				MTL_FAST_MATH = YES;
				ONLY_ACTIVE_ARCH = YES;
				SDKROOT = iphoneos;
				SWIFT_ACTIVE_COMPILATION_CONDITIONS = DEBUG;
				SWIFT_OPTIMIZATION_LEVEL = "-Onone";
			};
			name = Debug;
		};
		6346941325CC5B5100C4107A /* Release */ = {
			isa = XCBuildConfiguration;
			buildSettings = {
				ALWAYS_SEARCH_USER_PATHS = NO;
				CLANG_ANALYZER_NONNULL = YES;
				CLANG_ANALYZER_NUMBER_OBJECT_CONVERSION = YES_AGGRESSIVE;
				CLANG_CXX_LANGUAGE_STANDARD = "gnu++14";
				CLANG_CXX_LIBRARY = "libc++";
				CLANG_ENABLE_MODULES = YES;
				CLANG_ENABLE_OBJC_ARC = YES;
				CLANG_ENABLE_OBJC_WEAK = YES;
				CLANG_WARN_BLOCK_CAPTURE_AUTORELEASING = YES;
				CLANG_WARN_BOOL_CONVERSION = YES;
				CLANG_WARN_COMMA = YES;
				CLANG_WARN_CONSTANT_CONVERSION = YES;
				CLANG_WARN_DEPRECATED_OBJC_IMPLEMENTATIONS = YES;
				CLANG_WARN_DIRECT_OBJC_ISA_USAGE = YES_ERROR;
				CLANG_WARN_DOCUMENTATION_COMMENTS = YES;
				CLANG_WARN_EMPTY_BODY = YES;
				CLANG_WARN_ENUM_CONVERSION = YES;
				CLANG_WARN_INFINITE_RECURSION = YES;
				CLANG_WARN_INT_CONVERSION = YES;
				CLANG_WARN_NON_LITERAL_NULL_CONVERSION = YES;
				CLANG_WARN_OBJC_IMPLICIT_RETAIN_SELF = YES;
				CLANG_WARN_OBJC_LITERAL_CONVERSION = YES;
				CLANG_WARN_OBJC_ROOT_CLASS = YES_ERROR;
				CLANG_WARN_QUOTED_INCLUDE_IN_FRAMEWORK_HEADER = YES;
				CLANG_WARN_RANGE_LOOP_ANALYSIS = YES;
				CLANG_WARN_STRICT_PROTOTYPES = YES;
				CLANG_WARN_SUSPICIOUS_MOVE = YES;
				CLANG_WARN_UNGUARDED_AVAILABILITY = YES_AGGRESSIVE;
				CLANG_WARN_UNREACHABLE_CODE = YES;
				CLANG_WARN__DUPLICATE_METHOD_MATCH = YES;
				COPY_PHASE_STRIP = NO;
				DEBUG_INFORMATION_FORMAT = "dwarf-with-dsym";
				ENABLE_NS_ASSERTIONS = NO;
				ENABLE_STRICT_OBJC_MSGSEND = YES;
				GCC_C_LANGUAGE_STANDARD = gnu11;
				GCC_NO_COMMON_BLOCKS = NO;
				GCC_WARN_64_TO_32_BIT_CONVERSION = YES;
				GCC_WARN_ABOUT_RETURN_TYPE = YES_ERROR;
				GCC_WARN_UNDECLARED_SELECTOR = YES;
				GCC_WARN_UNINITIALIZED_AUTOS = YES_AGGRESSIVE;
				GCC_WARN_UNUSED_FUNCTION = YES;
				GCC_WARN_UNUSED_VARIABLE = YES;
				IPHONEOS_DEPLOYMENT_TARGET = 14.4;
				MTL_ENABLE_DEBUG_INFO = NO;
				MTL_FAST_MATH = YES;
				SDKROOT = iphoneos;
				SWIFT_COMPILATION_MODE = wholemodule;
				SWIFT_OPTIMIZATION_LEVEL = "-O";
				VALIDATE_PRODUCT = YES;
			};
			name = Release;
		};
		6346941525CC5B5100C4107A /* Debug */ = {
			isa = XCBuildConfiguration;
			baseConfigurationReference = B90845548E25074F4F1E8DC4 /* Pods-Productivity App.debug.xcconfig */;
			buildSettings = {
				ASSETCATALOG_COMPILER_APPICON_NAME = AppIcon;
				ASSETCATALOG_COMPILER_GLOBAL_ACCENT_COLOR_NAME = AccentColor;
				CODE_SIGN_ENTITLEMENTS = "Productivity App/Productivity App.entitlements";
				CODE_SIGN_STYLE = Automatic;
				DEVELOPMENT_TEAM = 347H8J4ZXU;
				INFOPLIST_FILE = "Productivity App/Info.plist";
				IPHONEOS_DEPLOYMENT_TARGET = 14.4;
				LD_RUNPATH_SEARCH_PATHS = (
					"$(inherited)",
					"@executable_path/Frameworks",
				);
				PRODUCT_BUNDLE_IDENTIFIER = "com.Productivity-App-HB";
				PRODUCT_NAME = "$(TARGET_NAME)";
				SWIFT_VERSION = 5.0;
				TARGETED_DEVICE_FAMILY = "1,2";
			};
			name = Debug;
		};
		6346941625CC5B5100C4107A /* Release */ = {
			isa = XCBuildConfiguration;
			baseConfigurationReference = A5226A99B52EFF4F710445D7 /* Pods-Productivity App.release.xcconfig */;
			buildSettings = {
				ASSETCATALOG_COMPILER_APPICON_NAME = AppIcon;
				ASSETCATALOG_COMPILER_GLOBAL_ACCENT_COLOR_NAME = AccentColor;
				CODE_SIGN_ENTITLEMENTS = "Productivity App/Productivity App.entitlements";
				CODE_SIGN_STYLE = Automatic;
				DEVELOPMENT_TEAM = 347H8J4ZXU;
				INFOPLIST_FILE = "Productivity App/Info.plist";
				IPHONEOS_DEPLOYMENT_TARGET = 14.4;
				LD_RUNPATH_SEARCH_PATHS = (
					"$(inherited)",
					"@executable_path/Frameworks",
				);
				PRODUCT_BUNDLE_IDENTIFIER = "com.Productivity-App-HB";
				PRODUCT_NAME = "$(TARGET_NAME)";
				SWIFT_VERSION = 5.0;
				TARGETED_DEVICE_FAMILY = "1,2";
			};
			name = Release;
		};
/* End XCBuildConfiguration section */

/* Begin XCConfigurationList section */
		634693F825CC5B4E00C4107A /* Build configuration list for PBXProject "Productivity App" */ = {
			isa = XCConfigurationList;
			buildConfigurations = (
				6346941225CC5B5100C4107A /* Debug */,
				6346941325CC5B5100C4107A /* Release */,
			);
			defaultConfigurationIsVisible = 0;
			defaultConfigurationName = Release;
		};
		6346941425CC5B5100C4107A /* Build configuration list for PBXNativeTarget "Productivity App" */ = {
			isa = XCConfigurationList;
			buildConfigurations = (
				6346941525CC5B5100C4107A /* Debug */,
				6346941625CC5B5100C4107A /* Release */,
			);
			defaultConfigurationIsVisible = 0;
			defaultConfigurationName = Release;
		};
/* End XCConfigurationList section */

/* Begin XCVersionGroup section */
		6346940925CC5B4E00C4107A /* Productivity_App.xcdatamodeld */ = {
			isa = XCVersionGroup;
			children = (
				6346940A25CC5B4E00C4107A /* Productivity_App.xcdatamodel */,
			);
			currentVersion = 6346940A25CC5B4E00C4107A /* Productivity_App.xcdatamodel */;
			path = Productivity_App.xcdatamodeld;
			sourceTree = "<group>";
			versionGroupType = wrapper.xcdatamodel;
		};
/* End XCVersionGroup section */
	};
	rootObject = 634693F525CC5B4E00C4107A /* Project object */;
}
